
Microsoft Visual Studio Solution File, Format Version 12.00
# Visual Studio Version 17
VisualStudioVersion = 17.14.36212.18 d17.14
MinimumVisualStudioVersion = 10.0.40219.1
Project("{8BC9CEB8-8B4A-11D0-8D11-00A0C91BC942}") = "if", "if.vcxproj", "{94BAE31C-F9A7-4AC0-860F-E2727F2551A2}"
EndProject
Project("{54435603-DBB4-11D2-8724-00A0C9A8B90C}") = "if project", "..\if project\if project.vdproj", "{5DBDF6B1-77BB-23A1-BC3E-43443EBE90CA}"
EndProject
Global
	GlobalSection(SolutionConfigurationPlatforms) = preSolution
		Debug|x64 = Debug|x64
		Debug|x86 = Debug|x86
		Release|x64 = Release|x64
		Release|x86 = Release|x86
	EndGlobalSection
	GlobalSection(ProjectConfigurationPlatforms) = postSolution
		{94BAE31C-F9A7-4AC0-860F-E2727F2551A2}.Debug|x64.ActiveCfg = Debug|x64
		{94BAE31C-F9A7-4AC0-860F-E2727F2551A2}.Debug|x64.Build.0 = Debug|x64
		{94BAE31C-F9A7-4AC0-860F-E2727F2551A2}.Debug|x86.ActiveCfg = Debug|Win32
		{94BAE31C-F9A7-4AC0-860F-E2727F2551A2}.Debug|x86.Build.0 = Debug|Win32
		{94BAE31C-F9A7-4AC0-860F-E2727F2551A2}.Release|x64.ActiveCfg = Release|x64
		{94BAE31C-F9A7-4AC0-860F-E2727F2551A2}.Release|x64.Build.0 = Release|x64
		{94BAE31C-F9A7-4AC0-860F-E2727F2551A2}.Release|x86.ActiveCfg = Release|Win32
		{94BAE31C-F9A7-4AC0-860F-E2727F2551A2}.Release|x86.Build.0 = Release|Win32
		{5DBDF6B1-77BB-23A1-BC3E-43443EBE90CA}.Debug|x64.ActiveCfg = Debug
		{5DBDF6B1-77BB-23A1-BC3E-43443EBE90CA}.Debug|x86.ActiveCfg = Debug
		{5DBDF6B1-77BB-23A1-BC3E-43443EBE90CA}.Release|x64.ActiveCfg = Release
		{5DBDF6B1-77BB-23A1-BC3E-43443EBE90CA}.Release|x86.ActiveCfg = Release
	EndGlobalSection
	GlobalSection(SolutionProperties) = preSolution
		HideSolutionNode = FALSE
	EndGlobalSection
	GlobalSection(ExtensibilityGlobals) = postSolution
		SolutionGuid = {7E83A6FF-9254-409B-B6F9-A7F619677DF1}
	EndGlobalSection
EndGlobal
