
Microsoft Visual Studio Solution File, Format Version 12.00
# Visual Studio Version 17
VisualStudioVersion = 17.14.36212.18
MinimumVisualStudioVersion = 10.0.40219.1
Project("{8BC9CEB8-8B4A-11D0-8D11-00A0C91BC942}") = "Address book management system", "Address book management system.vcxproj", "{015C3C0B-DB1F-4BED-A999-F974AC90D172}"
EndProject
Project("{54435603-DBB4-11D2-8724-00A0C9A8B90C}") = "御风工作室通讯录管理系统", "..\御风工作室通讯录管理系统\御风工作室通讯录管理系统.vdproj", "{91BBE42F-3B72-C702-A502-54844C745B8D}"
EndProject
Global
	GlobalSection(SolutionConfigurationPlatforms) = preSolution
		Debug|x64 = Debug|x64
		Debug|x86 = Debug|x86
		Release|x64 = Release|x64
		Release|x86 = Release|x86
	EndGlobalSection
	GlobalSection(ProjectConfigurationPlatforms) = postSolution
		{015C3C0B-DB1F-4BED-A999-F974AC90D172}.Debug|x64.ActiveCfg = Debug|x64
		{015C3C0B-DB1F-4BED-A999-F974AC90D172}.Debug|x64.Build.0 = Debug|x64
		{015C3C0B-DB1F-4BED-A999-F974AC90D172}.Debug|x86.ActiveCfg = Debug|Win32
		{015C3C0B-DB1F-4BED-A999-F974AC90D172}.Debug|x86.Build.0 = Debug|Win32
		{015C3C0B-DB1F-4BED-A999-F974AC90D172}.Release|x64.ActiveCfg = Release|x64
		{015C3C0B-DB1F-4BED-A999-F974AC90D172}.Release|x64.Build.0 = Release|x64
		{015C3C0B-DB1F-4BED-A999-F974AC90D172}.Release|x86.ActiveCfg = Release|Win32
		{015C3C0B-DB1F-4BED-A999-F974AC90D172}.Release|x86.Build.0 = Release|Win32
		{91BBE42F-3B72-C702-A502-54844C745B8D}.Debug|x64.ActiveCfg = Debug
		{91BBE42F-3B72-C702-A502-54844C745B8D}.Debug|x86.ActiveCfg = Debug
		{91BBE42F-3B72-C702-A502-54844C745B8D}.Release|x64.ActiveCfg = Release
		{91BBE42F-3B72-C702-A502-54844C745B8D}.Release|x86.ActiveCfg = Release
	EndGlobalSection
	GlobalSection(SolutionProperties) = preSolution
		HideSolutionNode = FALSE
	EndGlobalSection
	GlobalSection(ExtensibilityGlobals) = postSolution
		SolutionGuid = {77454B8B-AFF6-42AA-BA00-3808A03055FD}
	EndGlobalSection
EndGlobal
